// !$*UTF8*$!
{
	archiveVersion = 1;
	classes = {
	};
	objectVersion = 46;
	objects = {

/* Begin PBXBuildFile section */
		BCD693651F23074E0086CE1A /* AppDelegate.swift in Sources */ = {isa = PBXBuildFile; fileRef = BCD693641F23074E0086CE1A /* AppDelegate.swift */; };
		BCD693671F23074E0086CE1A /* ViewController.swift in Sources */ = {isa = PBXBuildFile; fileRef = BCD693661F23074E0086CE1A /* ViewController.swift */; };
		BCD6936A1F23074E0086CE1A /* Main.storyboard in Resources */ = {isa = PBXBuildFile; fileRef = BCD693681F23074E0086CE1A /* Main.storyboard */; };
		BCD6936C1F23074E0086CE1A /* Assets.xcassets in Resources */ = {isa = PBXBuildFile; fileRef = BCD6936B1F23074E0086CE1A /* Assets.xcassets */; };
		BCD6936F1F23074E0086CE1A /* LaunchScreen.storyboard in Resources */ = {isa = PBXBuildFile; fileRef = BCD6936D1F23074E0086CE1A /* LaunchScreen.storyboard */; };
		BCD6937A1F23074E0086CE1A /* SOLIDPlaygroundTests.swift in Sources */ = {isa = PBXBuildFile; fileRef = BCD693791F23074E0086CE1A /* SOLIDPlaygroundTests.swift */; };
/* End PBXBuildFile section */

/* Begin PBXContainerItemProxy section */
		BCD693761F23074E0086CE1A /* PBXContainerItemProxy */ = {
			isa = PBXContainerItemProxy;
			containerPortal = BCD693591F23074E0086CE1A /* Project object */;
			proxyType = 1;
			remoteGlobalIDString = BCD693601F23074E0086CE1A;
			remoteInfo = SOLIDPlayground;
		};
/* End PBXContainerItemProxy section */

/* Begin PBXFileReference section */
		BCD693611F23074E0086CE1A /* SOLIDPlayground.app */ = {isa = PBXFileReference; explicitFileType = wrapper.application; includeInIndex = 0; path = SOLIDPlayground.app; sourceTree = BUILT_PRODUCTS_DIR; };
		BCD693641F23074E0086CE1A /* AppDelegate.swift */ = {isa = PBXFileReference; lastKnownFileType = sourcecode.swift; path = AppDelegate.swift; sourceTree = "<group>"; };
		BCD693661F23074E0086CE1A /* ViewController.swift */ = {isa = PBXFileReference; lastKnownFileType = sourcecode.swift; path = ViewController.swift; sourceTree = "<group>"; };
		BCD693691F23074E0086CE1A /* Base */ = {isa = PBXFileReference; lastKnownFileType = file.storyboard; name = Base; path = Base.lproj/Main.storyboard; sourceTree = "<group>"; };
		BCD6936B1F23074E0086CE1A /* Assets.xcassets */ = {isa = PBXFileReference; lastKnownFileType = folder.assetcatalog; path = Assets.xcassets; sourceTree = "<group>"; };
		BCD6936E1F23074E0086CE1A /* Base */ = {isa = PBXFileReference; lastKnownFileType = file.storyboard; name = Base; path = Base.lproj/LaunchScreen.storyboard; sourceTree = "<group>"; };
		BCD693701F23074E0086CE1A /* Info.plist */ = {isa = PBXFileReference; lastKnownFileType = text.plist.xml; path = Info.plist; sourceTree = "<group>"; };
		BCD693751F23074E0086CE1A /* SOLIDPlaygroundTests.xctest */ = {isa = PBXFileReference; explicitFileType = wrapper.cfbundle; includeInIndex = 0; path = SOLIDPlaygroundTests.xctest; sourceTree = BUILT_PRODUCTS_DIR; };
		BCD693791F23074E0086CE1A /* SOLIDPlaygroundTests.swift */ = {isa = PBXFileReference; lastKnownFileType = sourcecode.swift; path = SOLIDPlaygroundTests.swift; sourceTree = "<group>"; };
		BCD6937B1F23074E0086CE1A /* Info.plist */ = {isa = PBXFileReference; lastKnownFileType = text.plist.xml; path = Info.plist; sourceTree = "<group>"; };
/* End PBXFileReference section */

/* Begin PBXFrameworksBuildPhase section */
		BCD6935E1F23074E0086CE1A /* Frameworks */ = {
			isa = PBXFrameworksBuildPhase;
			buildActionMask = 2147483647;
			files = (
			);
			runOnlyForDeploymentPostprocessing = 0;
		};
		BCD693721F23074E0086CE1A /* Frameworks */ = {
			isa = PBXFrameworksBuildPhase;
			buildActionMask = 2147483647;
			files = (
			);
			runOnlyForDeploymentPostprocessing = 0;
		};
/* End PBXFrameworksBuildPhase section */

/* Begin PBXGroup section */
		BCD693581F23074E0086CE1A = {
			isa = PBXGroup;
			children = (
				BCD693631F23074E0086CE1A /* SOLIDPlayground */,
				BCD693781F23074E0086CE1A /* SOLIDPlaygroundTests */,
				BCD693621F23074E0086CE1A /* Products */,
			);
			sourceTree = "<group>";
		};
		BCD693621F23074E0086CE1A /* Products */ = {
			isa = PBXGroup;
			children = (
				BCD693611F23074E0086CE1A /* SOLIDPlayground.app */,
				BCD693751F23074E0086CE1A /* SOLIDPlaygroundTests.xctest */,
			);
			name = Products;
			sourceTree = "<group>";
		};
		BCD693631F23074E0086CE1A /* SOLIDPlayground */ = {
			isa = PBXGroup;
			children = (
				BCD693641F23074E0086CE1A /* AppDelegate.swift */,
				BCD693661F23074E0086CE1A /* ViewController.swift */,
				BCD693681F23074E0086CE1A /* Main.storyboard */,
				BCD6936B1F23074E0086CE1A /* Assets.xcassets */,
				BCD6936D1F23074E0086CE1A /* LaunchScreen.storyboard */,
				BCD693701F23074E0086CE1A /* Info.plist */,
			);
			path = SOLIDPlayground;
			sourceTree = "<group>";
		};
		BCD693781F23074E0086CE1A /* SOLIDPlaygroundTests */ = {
			isa = PBXGroup;
			children = (
				BCD693791F23074E0086CE1A /* SOLIDPlaygroundTests.swift */,
				BCD6937B1F23074E0086CE1A /* Info.plist */,
			);
			path = SOLIDPlaygroundTests;
			sourceTree = "<group>";
		};
/* End PBXGroup section */

/* Begin PBXNativeTarget section */
		BCD693601F23074E0086CE1A /* SOLIDPlayground */ = {
			isa = PBXNativeTarget;
			buildConfigurationList = BCD6937E1F23074E0086CE1A /* Build configuration list for PBXNativeTarget "SOLIDPlayground" */;
			buildPhases = (
				BCD6935D1F23074E0086CE1A /* Sources */,
				BCD6935E1F23074E0086CE1A /* Frameworks */,
				BCD6935F1F23074E0086CE1A /* Resources */,
			);
			buildRules = (
			);
			dependencies = (
			);
			name = SOLIDPlayground;
			productName = SOLIDPlayground;
			productReference = BCD693611F23074E0086CE1A /* SOLIDPlayground.app */;
			productType = "com.apple.product-type.application";
		};
		BCD693741F23074E0086CE1A /* SOLIDPlaygroundTests */ = {
			isa = PBXNativeTarget;
			buildConfigurationList = BCD693811F23074E0086CE1A /* Build configuration list for PBXNativeTarget "SOLIDPlaygroundTests" */;
			buildPhases = (
				BCD693711F23074E0086CE1A /* Sources */,
				BCD693721F23074E0086CE1A /* Frameworks */,
				BCD693731F23074E0086CE1A /* Resources */,
			);
			buildRules = (
			);
			dependencies = (
				BCD693771F23074E0086CE1A /* PBXTargetDependency */,
			);
			name = SOLIDPlaygroundTests;
			productName = SOLIDPlaygroundTests;
			productReference = BCD693751F23074E0086CE1A /* SOLIDPlaygroundTests.xctest */;
			productType = "com.apple.product-type.bundle.unit-test";
		};
/* End PBXNativeTarget section */

/* Begin PBXProject section */
		BCD693591F23074E0086CE1A /* Project object */ = {
			isa = PBXProject;
			attributes = {
				LastSwiftUpdateCheck = 0830;
				LastUpgradeCheck = 0830;
				ORGANIZATIONNAME = test;
				TargetAttributes = {
					BCD693601F23074E0086CE1A = {
						CreatedOnToolsVersion = 8.3.3;
						DevelopmentTeam = 42LHG5P47X;
						ProvisioningStyle = Automatic;
					};
					BCD693741F23074E0086CE1A = {
						CreatedOnToolsVersion = 8.3.3;
						DevelopmentTeam = 42LHG5P47X;
						ProvisioningStyle = Automatic;
						TestTargetID = BCD693601F23074E0086CE1A;
					};
				};
			};
			buildConfigurationList = BCD6935C1F23074E0086CE1A /* Build configuration list for PBXProject "SOLIDPlayground" */;
			compatibilityVersion = "Xcode 3.2";
			developmentRegion = English;
			hasScannedForEncodings = 0;
			knownRegions = (
				en,
				Base,
			);
			mainGroup = BCD693581F23074E0086CE1A;
			productRefGroup = BCD693621F23074E0086CE1A /* Products */;
			projectDirPath = "";
			projectRoot = "";
			targets = (
				BCD693601F23074E0086CE1A /* SOLIDPlayground */,
				BCD693741F23074E0086CE1A /* SOLIDPlaygroundTests */,
			);
		};
/* End PBXProject section */

/* Begin PBXResourcesBuildPhase section */
		BCD6935F1F23074E0086CE1A /* Resources */ = {
			isa = PBXResourcesBuildPhase;
			buildActionMask = 2147483647;
			files = (
				BCD6936F1F23074E0086CE1A /* LaunchScreen.storyboard in Resources */,
				BCD6936C1F23074E0086CE1A /* Assets.xcassets in Resources */,
				BCD6936A1F23074E0086CE1A /* Main.storyboard in Resources */,
			);
			runOnlyForDeploymentPostprocessing = 0;
		};
		BCD693731F23074E0086CE1A /* Resources */ = {
			isa = PBXResourcesBuildPhase;
			buildActionMask = 2147483647;
			files = (
			);
			runOnlyForDeploymentPostprocessing = 0;
		};
/* End PBXResourcesBuildPhase section */

/* Begin PBXSourcesBuildPhase section */
		BCD6935D1F23074E0086CE1A /* Sources */ = {
			isa = PBXSourcesBuildPhase;
			buildActionMask = 2147483647;
			files = (
				BCD693671F23074E0086CE1A /* ViewController.swift in Sources */,
				BCD693651F23074E0086CE1A /* AppDelegate.swift in Sources */,
			);
			runOnlyForDeploymentPostprocessing = 0;
		};
		BCD693711F23074E0086CE1A /* Sources */ = {
			isa = PBXSourcesBuildPhase;
			buildActionMask = 2147483647;
			files = (
				BCD6937A1F23074E0086CE1A /* SOLIDPlaygroundTests.swift in Sources */,
			);
			runOnlyForDeploymentPostprocessing = 0;
		};
/* End PBXSourcesBuildPhase section */

/* Begin PBXTargetDependency section */
		BCD693771F23074E0086CE1A /* PBXTargetDependency */ = {
			isa = PBXTargetDependency;
			target = BCD693601F23074E0086CE1A /* SOLIDPlayground */;
			targetProxy = BCD693761F23074E0086CE1A /* PBXContainerItemProxy */;
		};
/* End PBXTargetDependency section */

/* Begin PBXVariantGroup section */
		BCD693681F23074E0086CE1A /* Main.storyboard */ = {
			isa = PBXVariantGroup;
			children = (
				BCD693691F23074E0086CE1A /* Base */,
			);
			name = Main.storyboard;
			sourceTree = "<group>";
		};
		BCD6936D1F23074E0086CE1A /* LaunchScreen.storyboard */ = {
			isa = PBXVariantGroup;
			children = (
				BCD6936E1F23074E0086CE1A /* Base */,
			);
			name = LaunchScreen.storyboard;
			sourceTree = "<group>";
		};
/* End PBXVariantGroup section */

/* Begin XCBuildConfiguration section */
		BCD6937C1F23074E0086CE1A /* Debug */ = {
			isa = XCBuildConfiguration;
			buildSettings = {
				ALWAYS_SEARCH_USER_PATHS = NO;
				CLANG_ANALYZER_NONNULL = YES;
				CLANG_ANALYZER_NUMBER_OBJECT_CONVERSION = YES_AGGRESSIVE;
				CLANG_CXX_LANGUAGE_STANDARD = "gnu++0x";
				CLANG_CXX_LIBRARY = "libc++";
				CLANG_ENABLE_MODULES = YES;
				CLANG_ENABLE_OBJC_ARC = YES;
				CLANG_WARN_BOOL_CONVERSION = YES;
				CLANG_WARN_CONSTANT_CONVERSION = YES;
				CLANG_WARN_DIRECT_OBJC_ISA_USAGE = YES_ERROR;
				CLANG_WARN_DOCUMENTATION_COMMENTS = YES;
				CLANG_WARN_EMPTY_BODY = YES;
				CLANG_WARN_ENUM_CONVERSION = YES;
				CLANG_WARN_INFINITE_RECURSION = YES;
				CLANG_WARN_INT_CONVERSION = YES;
				CLANG_WARN_OBJC_ROOT_CLASS = YES_ERROR;
				CLANG_WARN_SUSPICIOUS_MOVE = YES;
				CLANG_WARN_UNREACHABLE_CODE = YES;
				CLANG_WARN__DUPLICATE_METHOD_MATCH = YES;
				"CODE_SIGN_IDENTITY[sdk=iphoneos*]" = "iPhone Developer";
				COPY_PHASE_STRIP = NO;
				DEBUG_INFORMATION_FORMAT = dwarf;
				ENABLE_STRICT_OBJC_MSGSEND = YES;
				ENABLE_TESTABILITY = YES;
				GCC_C_LANGUAGE_STANDARD = gnu99;
				GCC_DYNAMIC_NO_PIC = NO;
				GCC_NO_COMMON_BLOCKS = YES;
				GCC_OPTIMIZATION_LEVEL = 0;
				GCC_PREPROCESSOR_DEFINITIONS = (
					"DEBUG=1",
					"$(inherited)",
				);
				GCC_WARN_64_TO_32_BIT_CONVERSION = YES;
				GCC_WARN_ABOUT_RETURN_TYPE = YES_ERROR;
				GCC_WARN_UNDECLARED_SELECTOR = YES;
				GCC_WARN_UNINITIALIZED_AUTOS = YES_AGGRESSIVE;
				GCC_WARN_UNUSED_FUNCTION = YES;
				GCC_WARN_UNUSED_VARIABLE = YES;
				IPHONEOS_DEPLOYMENT_TARGET = 10.3;
				MTL_ENABLE_DEBUG_INFO = YES;
				ONLY_ACTIVE_ARCH = YES;
				SDKROOT = iphoneos;
				SWIFT_ACTIVE_COMPILATION_CONDITIONS = DEBUG;
				SWIFT_OPTIMIZATION_LEVEL = "-Onone";
			};
			name = Debug;
		};
		BCD6937D1F23074E0086CE1A /* Release */ = {
			isa = XCBuildConfiguration;
			buildSettings = {
				ALWAYS_SEARCH_USER_PATHS = NO;
				CLANG_ANALYZER_NONNULL = YES;
				CLANG_ANALYZER_NUMBER_OBJECT_CONVERSION = YES_AGGRESSIVE;
				CLANG_CXX_LANGUAGE_STANDARD = "gnu++0x";
				CLANG_CXX_LIBRARY = "libc++";
				CLANG_ENABLE_MODULES = YES;
				CLANG_ENABLE_OBJC_ARC = YES;
				CLANG_WARN_BOOL_CONVERSION = YES;
				CLANG_WARN_CONSTANT_CONVERSION = YES;
				CLANG_WARN_DIRECT_OBJC_ISA_USAGE = YES_ERROR;
				CLANG_WARN_DOCUMENTATION_COMMENTS = YES;
				CLANG_WARN_EMPTY_BODY = YES;
				CLANG_WARN_ENUM_CONVERSION = YES;
				CLANG_WARN_INFINITE_RECURSION = YES;
				CLANG_WARN_INT_CONVERSION = YES;
				CLANG_WARN_OBJC_ROOT_CLASS = YES_ERROR;
				CLANG_WARN_SUSPICIOUS_MOVE = YES;
				CLANG_WARN_UNREACHABLE_CODE = YES;
				CLANG_WARN__DUPLICATE_METHOD_MATCH = YES;
				"CODE_SIGN_IDENTITY[sdk=iphoneos*]" = "iPhone Developer";
				COPY_PHASE_STRIP = NO;
				DEBUG_INFORMATION_FORMAT = "dwarf-with-dsym";
				ENABLE_NS_ASSERTIONS = NO;
				ENABLE_STRICT_OBJC_MSGSEND = YES;
				GCC_C_LANGUAGE_STANDARD = gnu99;
				GCC_NO_COMMON_BLOCKS = YES;
				GCC_WARN_64_TO_32_BIT_CONVERSION = YES;
				GCC_WARN_ABOUT_RETURN_TYPE = YES_ERROR;
				GCC_WARN_UNDECLARED_SELECTOR = YES;
				GCC_WARN_UNINITIALIZED_AUTOS = YES_AGGRESSIVE;
				GCC_WARN_UNUSED_FUNCTION = YES;
				GCC_WARN_UNUSED_VARIABLE = YES;
				IPHONEOS_DEPLOYMENT_TARGET = 10.3;
				MTL_ENABLE_DEBUG_INFO = NO;
				SDKROOT = iphoneos;
				SWIFT_OPTIMIZATION_LEVEL = "-Owholemodule";
				VALIDATE_PRODUCT = YES;
			};
			name = Release;
		};
		BCD6937F1F23074E0086CE1A /* Debug */ = {
			isa = XCBuildConfiguration;
			buildSettings = {
				ASSETCATALOG_COMPILER_APPICON_NAME = AppIcon;
				DEVELOPMENT_TEAM = 42LHG5P47X;
				INFOPLIST_FILE = SOLIDPlayground/Info.plist;
				LD_RUNPATH_SEARCH_PATHS = "$(inherited) @executable_path/Frameworks";
				PRODUCT_BUNDLE_IDENTIFIER = com.dubizzle.SOLIDPlayground;
				PRODUCT_NAME = "$(TARGET_NAME)";
				SWIFT_VERSION = 3.0;
			};
			name = Debug;
		};
		BCD693801F23074E0086CE1A /* Release */ = {
			isa = XCBuildConfiguration;
			buildSettings = {
				ASSETCATALOG_COMPILER_APPICON_NAME = AppIcon;
				DEVELOPMENT_TEAM = 42LHG5P47X;
				INFOPLIST_FILE = SOLIDPlayground/Info.plist;
				LD_RUNPATH_SEARCH_PATHS = "$(inherited) @executable_path/Frameworks";
				PRODUCT_BUNDLE_IDENTIFIER = com.dubizzle.SOLIDPlayground;
				PRODUCT_NAME = "$(TARGET_NAME)";
				SWIFT_VERSION = 3.0;
			};
			name = Release;
		};
		BCD693821F23074E0086CE1A /* Debug */ = {
			isa = XCBuildConfiguration;
			buildSettings = {
				ALWAYS_EMBED_SWIFT_STANDARD_LIBRARIES = YES;
				BUNDLE_LOADER = "$(TEST_HOST)";
				DEVELOPMENT_TEAM = 42LHG5P47X;
				INFOPLIST_FILE = SOLIDPlaygroundTests/Info.plist;
				LD_RUNPATH_SEARCH_PATHS = "$(inherited) @executable_path/Frameworks @loader_path/Frameworks";
				PRODUCT_BUNDLE_IDENTIFIER = com.dubizzle.SOLIDPlaygroundTests;
				PRODUCT_NAME = "$(TARGET_NAME)";
				SWIFT_VERSION = 3.0;
				TEST_HOST = "$(BUILT_PRODUCTS_DIR)/SOLIDPlayground.app/SOLIDPlayground";
			};
			name = Debug;
		};
		BCD693831F23074E0086CE1A /* Release */ = {
			isa = XCBuildConfiguration;
			buildSettings = {
				ALWAYS_EMBED_SWIFT_STANDARD_LIBRARIES = YES;
				BUNDLE_LOADER = "$(TEST_HOST)";
				DEVELOPMENT_TEAM = 42LHG5P47X;
				INFOPLIST_FILE = SOLIDPlaygroundTests/Info.plist;
				LD_RUNPATH_SEARCH_PATHS = "$(inherited) @executable_path/Frameworks @loader_path/Frameworks";
				PRODUCT_BUNDLE_IDENTIFIER = com.dubizzle.SOLIDPlaygroundTests;
				PRODUCT_NAME = "$(TARGET_NAME)";
				SWIFT_VERSION = 3.0;
				TEST_HOST = "$(BUILT_PRODUCTS_DIR)/SOLIDPlayground.app/SOLIDPlayground";
			};
			name = Release;
		};
/* End XCBuildConfiguration section */

/* Begin XCConfigurationList section */
		BCD6935C1F23074E0086CE1A /* Build configuration list for PBXProject "SOLIDPlayground" */ = {
			isa = XCConfigurationList;
			buildConfigurations = (
				BCD6937C1F23074E0086CE1A /* Debug */,
				BCD6937D1F23074E0086CE1A /* Release */,
			);
			defaultConfigurationIsVisible = 0;
			defaultConfigurationName = Release;
		};
		BCD6937E1F23074E0086CE1A /* Build configuration list for PBXNativeTarget "SOLIDPlayground" */ = {
			isa = XCConfigurationList;
			buildConfigurations = (
				BCD6937F1F23074E0086CE1A /* Debug */,
				BCD693801F23074E0086CE1A /* Release */,
			);
			defaultConfigurationIsVisible = 0;
		};
		BCD693811F23074E0086CE1A /* Build configuration list for PBXNativeTarget "SOLIDPlaygroundTests" */ = {
			isa = XCConfigurationList;
			buildConfigurations = (
				BCD693821F23074E0086CE1A /* Debug */,
				BCD693831F23074E0086CE1A /* Release */,
			);
			defaultConfigurationIsVisible = 0;
		};
/* End XCConfigurationList section */
	};
	rootObject = BCD693591F23074E0086CE1A /* Project object */;
}
